<Solution>
  <!--
    C# Dev Kit(VSCode)に読み込ませるプロジェクトを work 配下だけに限定するためのソリューション。
    .vscode/settings.json の dotnet.defaultSolution がこのファイルを指している。

    これを置かないと、C# Dev Kit はワークスペース内の csproj をすべて拾って裏で仮想ソリューションを
    組み立てる。reference/ は各 Day が前 Day の完全コピーなので、Day が増えるほど対象が増えていく。
    68 プロジェクトの時点で restore だけで35秒かかっていたものが、work の4つに絞って4秒台になった。

    もう一つの役割は「どのファイルがプロジェクトに属するか」を明示すること。
    ここに載っていない .cs ファイル(reference/DayXX 配下など)は補完も定義ジャンプも効かない。
    これは意図した状態で、理由は .vscode/settings.json の enableFileBasedPrograms のコメントに書いた。
    reference/DayXX のコードを IntelliSense 付きで読みたいときは、この一覧に足すのではなく
    その Day フォルダだけを別ウィンドウで開く(code reference/Day33)。csproj が1つしかないので
    C# Dev Kit が自動でそれを読む。work 側のウィンドウと並べて同時に見られる利点もある。

    ファイル名はローカルのフォルダ名ではなく GitHub のリポジトリ名に合わせてある(このファイルは
    git 管理下に入るため)。書式は .slnx(.NET 10 の dotnet new sln が生成する新形式)。
    旧 .sln と違って GUID を持たないので差分が読みやすい。
  -->

  <!-- 写経の進行順(Phase 順)に並べる。区切りは git のタグ・コミット(day05 等) -->
  <Project Path="work/Framebuffer/Framebuffer.csproj" />
  <Project Path="work/SoftwareRasterizer/SoftwareRasterizer.csproj" />
  <Project Path="work/RawGL/RawGL.csproj" />
  <Project Path="work/HonyaEngine/HonyaEngine/HonyaEngine.csproj" />
  <!-- 教養編の Labs は未着手。始めたら work/Labs/... をここに追加する -->
</Solution>
